#MicroXplorer Configuration settings - do not modify
Dma.USART2_RX.3.Mode=DMA_CIRCULAR
Dma.SPI3_TX.0.FIFOMode=DMA_FIFOMODE_ENABLE
Dma.SPI3_TX.0.Priority=DMA_PRIORITY_HIGH
FREERTOS.Queues01=CommandQueue,1,command_t,0,Static,CommandQueueBuffer,CommandQueueControlBlock;ResponseQueue,1,response_t,0,Static,ResponseQueueBuffer,ResponseQueueControlBlock;ReportQueue,10,report_t,0,Static,ReportQueueBuffer,ReportQueueControlBlock;DriverQueue,1,uint8_t,0,Static,DriverQueueBuffer,DriverQueueControlBlock;CanRxQueue,10,can_rx_t,0,Static,CanRxQueueBuffer,CanRxQueueControlBlock;QuotaQueue,1,200,1,Static,QuotaQueueBuffer,QuotaQueueControlBlock;UssdQueue,1,20,1,Static,UssdQueueBuffer,UssdQueueControlBlock
Dma.UART4_RX.1.Mode=DMA_CIRCULAR
PC7.GPIOParameters=GPIO_Label
Dma.UART9_RX.4.MemDataAlignment=DMA_MDATAALIGN_BYTE
USART2.IPParameters=VirtualMode,BaudRate,Mode
Dma.UART4_RX.1.MemDataAlignment=DMA_MDATAALIGN_BYTE
NVIC.I2C1_EV_IRQn=true\:5\:0\:false\:false\:true\:true\:true\:true
PE11.GPIOParameters=GPIO_PuPd,GPIO_Label
SPI1.VirtualType=VM_MASTER
PB10.Mode=I2C
SH.GPXTI9.0=GPIO_EXTI9
NVIC.DMA1_Stream2_IRQn=true\:5\:0\:false\:false\:true\:true\:false\:true
RCC.PLLCLKFreq_Value=100000000
PC12.Signal=I2S3_SD
PB14.GPIO_Label=INT_NET_RST
FREERTOS.Events01=GlobalEvent,Static,GlobalEventControlBlock
PA14.GPIO_Label=SYS_SWCLK
Dma.USART1_RX.2.Instance=DMA2_Stream2
RCC.PLLQCLKFreq_Value=50000000
PE8.GPIO_PuPd=GPIO_PULLDOWN
PC7.Locked=true
PD3.GPIOParameters=GPIO_Label
I2S3.IPParameters=Instance,VirtualMode,FullDuplexMode,RealAudioFreq,ErrorAudioFreq,ClockSource-Half_Duplex_Master
PD8.Locked=true
PC6.GPIO_Label=INT_GPS_SLEEP
VP_RTC_VS_RTC_Activate.Mode=RTC_Enabled
PC3.Locked=true
RCC.RTCFreq_Value=32768
PA3.GPIOParameters=GPIO_Label
PA6.GPIO_Label=INT_REMOTE_MISO
PB6.GPIO_Label=INT_AUDIO_SCL
PD0.Locked=true
PD4.Locked=true
Dma.USART2_RX.3.RequestParameters=Instance,Direction,PeriphInc,MemInc,PeriphDataAlignment,MemDataAlignment,Mode,Priority,FIFOMode
USART1.IPParameters=VirtualMode
PD6.GPIO_Label=EXT_BMS_FAN_PWR
PA2.GPIOParameters=GPIO_Label
PC15-OSC32_OUT.GPIO_Label=SYS_OSC32_OUT
PinOutPanel.RotationAngle=0
PE6.GPIO_Label=EXT_ABS_IRQ
RCC.SYSCLKSource=RCC_SYSCLKSOURCE_PLLCLK
SH.GPXTI13.0=GPIO_EXTI13
SH.GPXTI7.ConfNb=1
Dma.SPI3_TX.0.FIFOThreshold=DMA_FIFO_THRESHOLD_FULL
NVIC.SVCall_IRQn=true\:0\:0\:false\:false\:false\:false\:false\:false
FREERTOS.INCLUDE_pcTaskGetTaskName=1
NVIC.EXTI1_IRQn=true\:5\:0\:false\:false\:true\:true\:true\:true
SH.GPXTI3.ConfNb=1
PA4.Mode=Half_Duplex_Master
SPI1.Direction=SPI_DIRECTION_2LINES
PD4.Signal=GPIO_Output
RCC.APB2TimFreq_Value=100000000
PB6.Signal=I2C1_SCL
VP_TIM10_VS_ClockSourceINT.Mode=Enable_Timer
PC7.Signal=I2S3_MCK
PB6.Mode=I2C
RTC.IPParameters=WeekDay,Year
SPI1.CalculateBaudRate=1.5625 MBits/s
PC3.Signal=GPIO_Output
PD0.Signal=CAN1_RX
PD8.Signal=GPIO_Output
PE5.Signal=GPXTI5
Dma.UART4_RX.1.FIFOMode=DMA_FIFOMODE_DISABLE
PE1.Signal=GPXTI1
Dma.SPI3_TX.0.Direction=DMA_MEMORY_TO_PERIPH
PE14.Locked=true
NVIC.EXTI15_10_IRQn=true\:5\:0\:false\:false\:true\:true\:true\:true
ProjectManager.ProjectBuild=false
NVIC.UsageFault_IRQn=true\:0\:0\:false\:false\:true\:false\:false\:false
PB2.Signal=GPIO_Input
PB3.Mode=Trace_Asynchronous_SW
PC1.GPIO_PuPd=GPIO_PULLDOWN
TIM10.Channel=TIM_CHANNEL_1
PD1.GPIOParameters=GPIO_Label
PD1.GPIO_Label=INT_CAN_TX
SH.GPXTI7.0=GPIO_EXTI7
PE8.GPIO_ModeDefaultEXTI=GPIO_MODE_IT_RISING_FALLING
RCC.DFSDM2Freq_Value=100000000
ProjectManager.FirmwarePackage=STM32Cube FW_F4 V1.26.1
MxDb.Version=DB.6.0.21
PB0.GPIOParameters=GPIO_Label
PE15.Locked=true
I2S3.ErrorAudioFreq=-0.02 %
PE0.GPIOParameters=GPIO_PuPd,GPIO_Label,GPIO_ModeDefaultEXTI
PA1.GPIOParameters=GPIO_Label
ProjectManager.BackupPrevious=false
PC4.GPIO_Label=EXT_HMI1_PWR
PE9.Signal=GPXTI9
PE9.Locked=true
PB1.GPIO_Label=INT_ADC_VBAT
PA0.Mode=Asynchronous
PC9.Mode=I2C
PE2.Signal=GPXTI2
PA8.Signal=I2C3_SCL
RCC.PLLRCLKFreq_Value=100000000
AES.DataWidthUnit=CRYP_DATAWIDTHUNIT_BYTE
PE1.Locked=true
SH.GPXTI11.ConfNb=1
NVIC.PendSV_IRQn=true\:15\:0\:false\:false\:false\:true\:false\:false
NVIC.I2C1_ER_IRQn=true\:5\:0\:false\:false\:true\:true\:true\:true
ProjectManager.HalAssertFull=false
ADC1.SamplingTime-0\#ChannelRegularConversion=ADC_SAMPLETIME_84CYCLES
PA0.Signal=UART4_TX
PD15.Mode=Asynchronous
RCC.MCO2PinFreq_Value=100000000
PC8.GPIOParameters=GPIO_Label
CAN1.Prescaler=10
Mcu.Package=LQFP100
PB9.Signal=I2C2_SDA
PB1.Signal=ADCx_IN9
PB14.GPIO_PuPd=GPIO_PULLDOWN
NVIC.TimeBase=TIM1_UP_TIM10_IRQn
SH.GPXTI11.0=GPIO_EXTI11
RCC.I2S2Freq_Value=86000000
RCC.SAI1AFreq_Value=8000000
SH.GPXTI8.0=GPIO_EXTI8
PD5.GPIOParameters=PinState,GPIO_PuPd,GPIO_Label,GPIO_ModeDefaultOutputPP
Dma.UART4_RX.1.PeriphDataAlignment=DMA_PDATAALIGN_BYTE
SH.GPXTI8.ConfNb=1
NVIC.TimeBaseIP=TIM1
PA10.Signal=USART1_RX
VP_RTC_VS_RTC_Calendar.Mode=RTC_Calendar
FREERTOS.FootprintOK=true
RCC.DFSDMFreq_Value=100000000
PA5.GPIOParameters=GPIO_Label
SH.ADCx_IN9.0=ADC1_IN9,IN9
PB14.GPIOParameters=GPIO_PuPd,GPIO_Label
FREERTOS.INCLUDE_vTaskPrioritySet=1
AES.DataType=CRYP_DATATYPE_8B
Dma.USART2_RX.3.MemDataAlignment=DMA_MDATAALIGN_BYTE
NVIC.EXTI2_IRQn=true\:5\:0\:false\:false\:true\:true\:true\:true
NVIC.DMA2_Stream2_IRQn=true\:5\:0\:false\:false\:true\:true\:false\:true
RCC.APB1TimFreq_Value=100000000
FREERTOS.configGENERATE_RUN_TIME_STATS=0
NVIC.BusFault_IRQn=true\:0\:0\:false\:false\:true\:false\:false\:false
SH.ADCx_IN9.ConfNb=1
PB10.GPIOParameters=GPIO_Label
PE6.Locked=true
PC15-OSC32_OUT.GPIOParameters=GPIO_Label
RCC.DFSDMAudioFreq_Value=86000000
RCC.LPTimerFreq_Value=50000000
NVIC.USART1_IRQn=true\:5\:0\:false\:false\:true\:true\:true\:true
PE6.GPIO_PuPd=GPIO_PULLDOWN
PD5.Locked=true
CAN1.CalculateTimeBit=2000.00
PA4.GPIO_Label=INT_AUDIO_LRCK
ADC1.EOCSelection=ADC_EOC_SEQ_CONV
PD15.Signal=UART9_TX
ProjectManager.CustomerFirmwarePackage=
PC4.GPIOParameters=PinState,GPIO_PuPd,GPIO_Label
CAN1.CalculateTimeQuantum=200.0
NVIC.UART4_IRQn=true\:5\:0\:false\:false\:true\:true\:true\:true
PA5.Mode=Full_Duplex_Master
PA6.GPIOParameters=GPIO_Label
PD6.GPIOParameters=PinState,GPIO_PuPd,GPIO_Label
I2S3.FullDuplexMode=I2S_FULLDUPLEXMODE_DISABLE
RCC.PLLQoutputFreq_Value=50000000
UART9.VirtualMode=Asynchronous
ProjectManager.ProjectFileName=VCU-APP.ioc
FREERTOS.configIDLE_SHOULD_YIELD=0
FREERTOS.Tasks01=ManagerTask,48,256,StartManagerTask,Default,NULL,Static,ManagerTaskBuffer,ManagerTaskControlBlock;NetworkTask,24,896,StartNetworkTask,Default,NULL,Static,NetworkTaskBuffer,NetworkTaskControlBlock;ReporterTask,24,304,StartReporterTask,Default,NULL,Static,ReporterTaskBuffer,ReporterTaskControlBlock;CommandTask,32,328,StartCommandTask,Default,NULL,Static,CommandTaskBuffer,CommandTaskControlBlock;GpsTask,24,256,StartGpsTask,Default,NULL,Static,GpsTaskBuffer,GpsTaskControlBlock;MemsTask,24,304,StartMemsTask,Default,NULL,Static,MemsTaskBuffer,MemsTaskControlBlock;RemoteTask,40,256,StartRemoteTask,Default,NULL,Static,RemoteTaskBuffer,RemoteTaskControlBlock;FingerTask,32,328,StartFingerTask,Default,NULL,Static,FingerTaskBuffer,FingerTaskControlBlock;AudioTask,24,240,StartAudioTask,Default,NULL,Static,AudioTaskBuffer,AudioTaskControlBlock;CanRxTask,24,229,StartCanRxTask,Default,NULL,Static,CanRxTaskBuffer,CanRxTaskControlBlock;CanTxTask,32,230,StartCanTxTask,Default,NULL,Static,CanTxTaskBuffer,CanTxTaskControlBlock;Hmi2PowerTask,24,176,StartHmi2PowerTask,Default,NULL,Static,Hmi2PowerTaskBuffer,Hmi2PowerTaskControlBlock;GateTask,32,224,StartGateTask,Default,NULL,Static,GateTaskBuffer,GateTaskControlBlock
ADC1.Rank-0\#ChannelRegularConversion=1
PD9.GPIO_Label=EXT_GPIO_OUT2
PA15.GPIOParameters=GPIO_Speed,PinState,GPIO_PuPd,GPIO_Label
Mcu.PinsNb=78
Dma.UART9_RX.4.MemInc=DMA_MINC_ENABLE
PC4.PinState=GPIO_PIN_RESET
PC11.Locked=true
Mcu.Pin73=VP_RNG_VS_RNG
Mcu.Pin74=VP_RTC_VS_RTC_Activate
Mcu.Pin71=VP_FREERTOS_VS_CMSIS_V2
Mcu.Pin72=VP_IWDG_VS_IWDG
ADC1.IPParameters=Rank-0\#ChannelRegularConversion,master,Channel-0\#ChannelRegularConversion,SamplingTime-0\#ChannelRegularConversion,NbrOfConversionFlag,ContinuousConvMode,DMAContinuousRequests,EOCSelection,ClockPrescaler
FREERTOS.INCLUDE_xTaskGetCurrentTaskHandle=1
PC13.Locked=true
Mcu.Pin77=VP_TIM10_VS_ClockSourceINT
Mcu.Pin75=VP_RTC_VS_RTC_Calendar
Dma.USART2_RX.3.Instance=DMA1_Stream5
PA9.GPIO_Label=INT_NET_TX
PC13.Signal=GPIO_Output
Mcu.Pin76=VP_SYS_VS_tim1
CAN1.IPParameters=CalculateTimeQuantum,BS1,Prescaler,ABOM,CalculateTimeBit,CalculateBaudRate
FREERTOS.configCHECK_FOR_STACK_OVERFLOW=2
PD3.Signal=GPIO_Output
CAN1.CalculateBaudRate=500000
Mcu.Pin70=VP_CRC_VS_CRC
PH1\ -\ OSC_OUT.Mode=HSE-External-Oscillator
PC6.Signal=GPIO_Output
PC2.Signal=GPIO_Output
PD13.GPIOParameters=GPIO_PuPd,GPIO_Label
PD1.Signal=CAN1_TX
SH.GPXTI0.ConfNb=1
PE1.GPIO_PuPd=GPIO_PULLDOWN
Dma.USART2_RX.3.PeriphDataAlignment=DMA_PDATAALIGN_BYTE
Mcu.Pin68=PE1
Mcu.Pin69=VP_AES_VS_AES
PC0.Signal=GPIO_Output
PB14.Locked=true
RCC.APB1CLKDivider=RCC_HCLK_DIV2
UART4.VirtualMode=Asynchronous
PC14-OSC32_IN.Signal=RCC_OSC32_IN
PC11.GPIOParameters=GPIO_PuPd,GPIO_Label
Mcu.Pin62=PB5
Mcu.Pin63=PB6
Mcu.Pin60=PB3
USART2.BaudRate=9600
Mcu.Pin61=PB4
Mcu.Pin66=PB9
Mcu.Pin67=PE0
Mcu.Pin64=PB7
Mcu.Pin65=PB8
PC3.GPIOParameters=GPIO_PuPd,GPIO_Label
PA3.Mode=Asynchronous
SH.GPXTI6.ConfNb=1
PB8.GPIO_Label=INT_BUZZER_PWM
PA15.Locked=true
Dma.USART2_RX.3.FIFOMode=DMA_FIFOMODE_DISABLE
PA8.GPIO_Label=INT_MEMS_SCL
Mcu.Pin59=PD6
Dma.UART9_RX.4.Priority=DMA_PRIORITY_HIGH
SH.GPXTI2.ConfNb=1
Mcu.Pin57=PD4
Mcu.Pin58=PD5
PE5.GPIO_ModeDefaultEXTI=GPIO_MODE_IT_RISING_FALLING
Mcu.Pin51=PC10
RTC.Year=20
Mcu.Pin52=PC11
Mcu.Pin50=PA15
VP_CRC_VS_CRC.Signal=CRC_VS_CRC
Dma.USART1_RX.2.Mode=DMA_CIRCULAR
Mcu.Pin55=PD1
Mcu.Pin56=PD3
Mcu.Pin53=PC12
PE8.GPIO_Label=EXT_STARTER_IRQ
Mcu.Pin54=PD0
PC6.Locked=true
PA9.Signal=USART1_TX
PB5.Locked=true
I2S3.VirtualMode=I2S_MODE_MASTER
PB4.GPIO_PuPd=GPIO_PULLDOWN
Dma.SPI3_TX.0.PeriphInc=DMA_PINC_DISABLE
PE9.GPIO_Label=EXT_GPIO_IN1
Mcu.Pin48=PA13
Mcu.Pin49=PA14
Mcu.Pin46=PA9
Mcu.Pin47=PA10
PB10.Signal=I2C2_SCL
PB14.Signal=GPIO_Output
PE2.GPIO_PuPd=GPIO_PULLDOWN
PA5.Signal=SPI1_SCK
Mcu.Pin40=PD15
Mcu.Pin41=PC6
PE6.GPIO_ModeDefaultEXTI=GPIO_MODE_IT_RISING_FALLING
PE13.GPIOParameters=GPIO_PuPd,GPIO_Label,GPIO_ModeDefaultEXTI
Mcu.Pin44=PC9
PC12.Mode=Half_Duplex_Master
PH1\ -\ OSC_OUT.Signal=RCC_OSC_OUT
Mcu.Pin45=PA8
Mcu.Pin42=PC7
Mcu.Pin43=PC8
PE1.GPIO_Label=EXT_HBAR_SEIN_R
ProjectManager.LastFirmware=true
PE13.GPIO_ModeDefaultEXTI=GPIO_MODE_IT_RISING_FALLING
PD1.Mode=CAN_Activate
Dma.USART1_RX.2.Priority=DMA_PRIORITY_HIGH
PA1.Mode=Asynchronous
PE14.Signal=GPIO_Input
Dma.USART1_RX.2.Direction=DMA_PERIPH_TO_MEMORY
PE15.Signal=GPXTI15
Mcu.Pin37=PD9
PB4.GPIO_Label=INT_MEMS_PWR
Mcu.Pin38=PD13
PB15.GPIO_Label=INT_NET_DTR
Mcu.Pin35=PB15
PE8.Signal=GPXTI8
Mcu.Pin36=PD8
VP_SYS_VS_tim1.Signal=SYS_VS_tim1
SPI1.Mode=SPI_MODE_MASTER
PD4.GPIO_Speed=GPIO_SPEED_FREQ_LOW
Mcu.Pin39=PD14
RCC.RNGFreq_Value=50000000
PC2.GPIOParameters=PinState,GPIO_PuPd,GPIO_Label
Mcu.Pin30=PE13
PA1.GPIO_Label=EXT_FINGER_RX
Mcu.Pin33=PB10
PE3.GPIO_PuPd=GPIO_PULLDOWN
Mcu.Pin34=PB14
Mcu.Pin31=PE14
RCC.RCC_RTC_Clock_SourceVirtual=RCC_RTCCLKSOURCE_LSE
Mcu.Pin32=PE15
NVIC.NonMaskableInt_IRQn=true\:0\:0\:false\:false\:true\:false\:false\:false
FREERTOS.INCLUDE_xEventGroupSetBitFromISR=1
PC10.GPIOParameters=GPIO_Label
ADC1.DMAContinuousRequests=DISABLE
Dma.SPI3_TX.0.Instance=DMA1_Stream7
PH1\ -\ OSC_OUT.GPIOParameters=GPIO_Label
PE7.Locked=true
PA13.Mode=Trace_Asynchronous_SW
ProjectManager.FreePins=true
PC9.GPIOParameters=GPIO_Label
IWDG.IPParameters=Prescaler
Dma.USART1_RX.2.MemInc=DMA_MINC_ENABLE
RCC.PLLI2SQCLKFreq_Value=129000000
Mcu.Pin26=PE7
Mcu.Pin27=PE8
Mcu.Pin24=PB1
FREERTOS.INCLUDE_uxTaskGetStackHighWaterMark2=1
ProjectManager.UnderRoot=true
Mcu.Pin25=PB2
PE13.Locked=true
Mcu.Pin28=PE9
PC7.GPIO_Label=INT_AUDIO_MCLK
Mcu.Pin29=PE11
PB4.Locked=true
Dma.UART9_RX.4.PeriphInc=DMA_PINC_DISABLE
PA4.Signal=I2S3_WS
Mcu.Pin22=PC5
PB5.Signal=GPIO_Output
Mcu.Pin23=PB0
Mcu.Pin20=PA7
ADC1.master=1
Mcu.Pin21=PC4
PE13.GPIO_Label=EXT_HBAR_LAMP
PA5.GPIO_Label=INT_REMOTE_SCK
Dma.SPI3_TX.0.Mode=DMA_NORMAL
NVIC.ForceEnableDMAVector=true
PA14.GPIOParameters=GPIO_Label
PB5.GPIO_PuPd=GPIO_PULLDOWN
NVIC.MemoryManagement_IRQn=true\:0\:0\:false\:false\:true\:false\:false\:false
PE5.GPIO_Label=EXT_HBAR_REVERSE
PC12.GPIO_Label=INT_AUDIO_SDIN
USART1.VirtualMode=VM_ASYNC
ProjectManager.CompilerOptimize=6
ProjectManager.HeapSize=0x200
PA0.GPIOParameters=GPIO_Label
Mcu.Pin15=PA2
Dma.UART4_RX.1.PeriphInc=DMA_PINC_DISABLE
NVIC.HardFault_IRQn=true\:0\:0\:false\:false\:true\:false\:false\:false
Mcu.Pin16=PA3
Mcu.Pin13=PA0
Mcu.Pin14=PA1
FREERTOS.configUSE_RECURSIVE_MUTEXES=1
Mcu.Pin19=PA6
SH.GPXTI15.ConfNb=1
NVIC.TIM1_UP_TIM10_IRQn=true\:0\:0\:false\:false\:true\:false\:false\:true
ProjectManager.ComputerToolchain=false
Mcu.Pin17=PA4
Mcu.Pin18=PA5
FREERTOS.Mutexes01=EepromMutex,Static,EepromMutexControlBlock;RtcMutex,Static,RtcMutexControlBlock;CrcMutex,Static,CrcMutexControlBlock;AesMutex,Static,AesMutexControlBlock;RngMutex,Static,RngMutexControlBlock;BatMutex,Static,BatMutexControlBlock;CanTxMutex,Static,CanTxMutexControlBlock;IwdgMutex,Static,IwdgMutexControlBlock;BuzzerMutex,Static,BuzzerMutexControlBlock
NVIC.PriorityGroup=NVIC_PRIORITYGROUP_4
Mcu.Pin11=PC2
Mcu.Pin12=PC3
PD0.GPIOParameters=GPIO_Label
Dma.UART4_RX.1.Priority=DMA_PRIORITY_HIGH
Mcu.Pin10=PC1
PE3.Signal=GPXTI3
PE2.Locked=true
PC3.GPIO_Label=EXT_FINGER_SENSING_PWR
RCC.PWRFreq_Value=100000000
PE2.GPIO_ModeDefaultEXTI=GPIO_MODE_IT_RISING_FALLING
PA8.Mode=I2C
PD5.GPIO_ModeDefaultOutputPP=GPIO_MODE_OUTPUT_PP
I2S3.Instance=SPI$Index
PE9.GPIO_ModeDefaultEXTI=GPIO_MODE_IT_RISING
SH.GPXTI1.ConfNb=1
PD1.Locked=true
PB0.Signal=GPIO_Output
PA7.GPIOParameters=GPIO_Label
PC0.Locked=true
PC1.Signal=GPIO_Output
NVIC.CAN1_RX0_IRQn=true\:5\:0\:false\:false\:true\:true\:true\:true
Mcu.Family=STM32F4
SH.GPXTI1.0=GPIO_EXTI1
ProjectManager.MainLocation=Core/Src
Dma.SPI3_TX.0.MemInc=DMA_MINC_ENABLE
VP_TIM10_VS_ClockSourceINT.Signal=TIM10_VS_ClockSourceINT
I2C2.IPParameters=Analog_Filter
PA6.Mode=Full_Duplex_Master
PE7.GPIO_PuPd=GPIO_PULLDOWN
RCC.CortexFreq_Value=100000000
FREERTOS.RecursiveMutexes01=LogRecMutex,Static,LogRecMutexControlBlock;SimcomRecMutex,Static,SimcomRecMutexControlBlock;RemoteRecMutex,Static,RemoteRecMutexControlBlock;FingerRecMutex,Static,FingerRecMutexControlBlock;GpsRecMutex,Static,GpsRecMutexControlBlock;MemsRecMutex,Static,MemsRecMutexControlBlock;AudioRecMutex,Static,AudioRecMutexControlBlock
ProjectManager.KeepUserCode=true
Mcu.UserName=STM32F423VHTx
PD9.GPIOParameters=GPIO_Label
TIM10.OCMode_PWM=TIM_OCMODE_PWM2
ADC1.ContinuousConvMode=DISABLE
NVIC.UART9_IRQn=true\:5\:0\:false\:false\:true\:true\:true\:true
PE11.GPIO_Label=INT_MEMS_IRQ
PC10.Locked=true
Dma.UART9_RX.4.Mode=DMA_CIRCULAR
PC10.Signal=I2S3_CK
VP_IWDG_VS_IWDG.Mode=IWDG_Activate
PC5.Locked=true
PA0.GPIO_Label=EXT_FINGER_TX
ProjectManager.functionlistsort=1-MX_GPIO_Init-GPIO-false-HAL-true,2-MX_DMA_Init-DMA-false-HAL-true,3-SystemClock_Config-RCC-false-HAL-false,4-MX_ADC1_Init-ADC1-false-HAL-true,5-MX_AES_Init-AES-false-HAL-true,6-MX_CAN1_Init-CAN1-false-HAL-true,7-MX_CRC_Init-CRC-false-HAL-true,8-MX_I2C1_Init-I2C1-false-HAL-true,9-MX_I2C2_Init-I2C2-false-HAL-true,10-MX_I2C3_Init-I2C3-false-HAL-true,11-MX_I2S3_Init-I2S3-true-HAL-true,12-MX_IWDG_Init-IWDG-false-HAL-true,13-MX_RTC_Init-RTC-false-HAL-true,14-MX_SPI1_Init-SPI1-false-HAL-true,15-MX_UART4_Init-UART4-false-HAL-true,16-MX_USART1_UART_Init-USART1-false-HAL-true,17-MX_USART2_UART_Init-USART2-false-HAL-true,18-MX_RNG_Init-RNG-false-HAL-true,19-MX_TIM10_Init-TIM10-false-HAL-true,20-MX_UART9_Init-UART9-false-HAL-true
PC0.GPIOParameters=GPIO_PuPd,GPIO_Label
PA9.GPIOParameters=GPIO_Label
NVIC.EXTI3_IRQn=true\:5\:0\:false\:false\:true\:true\:true\:true
PC0.GPIO_Label=INT_NET_PWR
PD0.GPIO_Label=INT_CAN_RX 
RTC.WeekDay=RTC_WEEKDAY_WEDNESDAY
PD6.Locked=true
PB0.GPIO_Label=EXT_SEAT_PWR
RCC.PLLI2SRCLKFreq_Value=86000000
SH.S_TIM10_CH1.ConfNb=1
VP_RTC_VS_RTC_Calendar.Signal=RTC_VS_RTC_Calendar
Dma.SPI3_TX.0.PeriphDataAlignment=DMA_PDATAALIGN_HALFWORD
PC13.GPIO_Label=INT_REMOTE_CE
PC1.Locked=true
PD8.GPIO_PuPd=GPIO_PULLDOWN
PB15.Signal=GPIO_Output
PE5.GPIOParameters=GPIO_PuPd,GPIO_Label,GPIO_ModeDefaultEXTI
ProjectManager.StackSize=0x400
PB5.GPIOParameters=GPIO_PuPd,GPIO_Label
VP_FREERTOS_VS_CMSIS_V2.Mode=CMSIS_V2
SH.GPXTI2.0=GPIO_EXTI2
PD13.Signal=GPIO_Output
Mcu.IP4=DMA
Mcu.IP5=FREERTOS
RCC.FCLKCortexFreq_Value=100000000
PD13.Locked=true
Mcu.IP2=CAN1
Mcu.IP3=CRC
PA15.GPIO_Label=INT_REMOTE_CSN
PC11.GPIO_PuPd=GPIO_PULLDOWN
PB4.GPIOParameters=GPIO_PuPd,GPIO_Label
Mcu.IP0=ADC1
Mcu.IP1=AES
Mcu.UserConstants=
PH0\ -\ OSC_IN.Signal=RCC_OSC_IN
PE5.GPIO_PuPd=GPIO_PULLDOWN
PC1.GPIOParameters=GPIO_PuPd,GPIO_Label
PE11.GPIO_PuPd=GPIO_PULLDOWN
SH.GPXTI13.ConfNb=1
Mcu.ThirdPartyNb=0
FREERTOS.configUSE_STATS_FORMATTING_FUNCTIONS=1
RCC.SDIOFreq_Value=50000000
UART4.BaudRate=57600
RCC.HCLKFreq_Value=100000000
Mcu.IPNb=22
ProjectManager.PreviousToolchain=
RCC.SAI1BFreq_Value=8000000
RCC.PLLRoutputFreq_Value=100000000
PD8.GPIOParameters=GPIO_PuPd,GPIO_Label
PA8.GPIOParameters=GPIO_Label
Mcu.Pin6=PC15-OSC32_OUT
Mcu.Pin7=PH0 - OSC_IN
Mcu.Pin8=PH1 - OSC_OUT
Mcu.Pin9=PC0
FREERTOS.IPParameters=Tasks01,configUSE_RECURSIVE_MUTEXES,configENABLE_BACKWARD_COMPATIBILITY,configTOTAL_HEAP_SIZE,INCLUDE_vTaskCleanUpResources,INCLUDE_xSemaphoreGetMutexHolder,INCLUDE_pcTaskGetTaskName,INCLUDE_xTaskGetCurrentTaskHandle,INCLUDE_xEventGroupSetBitFromISR,INCLUDE_xTaskAbortDelay,INCLUDE_xTaskGetHandle,FootprintOK,Queues01,Mutexes01,configTIMER_TASK_STACK_DEPTH,configRECORD_STACK_HIGH_ADDRESS,configGENERATE_RUN_TIME_STATS,configUSE_STATS_FORMATTING_FUNCTIONS,configUSE_TICKLESS_IDLE,configUSE_IDLE_HOOK,configCHECK_FOR_STACK_OVERFLOW,configIDLE_SHOULD_YIELD,INCLUDE_uxTaskGetStackHighWaterMark2,Events01,INCLUDE_vTaskPrioritySet,INCLUDE_uxTaskPriorityGet,INCLUDE_vTaskDelete,RecursiveMutexes01
RCC.AHBFreq_Value=100000000
Mcu.Pin0=PE2
Mcu.Pin1=PE3
GPIO.groupedBy=Group By Peripherals
Mcu.Pin2=PE5
Mcu.Pin3=PE6
Mcu.Pin4=PC13
Mcu.Pin5=PC14-OSC32_IN
ADC1.Channel-0\#ChannelRegularConversion=ADC_CHANNEL_9
TIM10.AutoReloadPreload=TIM_AUTORELOAD_PRELOAD_ENABLE
RCC.HSE_VALUE=8000000
NVIC.DebugMonitor_IRQn=true\:0\:0\:false\:false\:true\:false\:false\:false
Dma.UART4_RX.1.MemInc=DMA_MINC_ENABLE
Mcu.IP10=IWDG
NVIC.SysTick_IRQn=true\:15\:0\:false\:false\:false\:true\:false\:true
Mcu.IP12=RCC
PE13.GPIO_PuPd=GPIO_PULLDOWN
Mcu.IP11=NVIC
FREERTOS.configENABLE_BACKWARD_COMPATIBILITY=0
Mcu.IP18=UART4
Mcu.IP17=TIM10
Mcu.IP19=UART9
Mcu.IP14=RTC
Mcu.IP13=RNG
PE13.Signal=GPXTI13
Mcu.IP16=SYS
Mcu.IP15=SPI1
PC14-OSC32_IN.Mode=LSE-External-Oscillator
RCC.VCOInputFreq_Value=2000000
PA14.Mode=Trace_Asynchronous_SW
PE8.Locked=true
PD14.Mode=Asynchronous
VP_SYS_VS_tim1.Mode=TIM1
PC11.GPIO_Label=INT_AUDIO_PWR
File.Version=6
PA10.GPIO_Label=INT_NET_RX
PC13.GPIO_PuPd=GPIO_PULLDOWN
PE3.GPIOParameters=GPIO_PuPd,GPIO_Label,GPIO_ModeDefaultEXTI
PD6.PinState=GPIO_PIN_SET
PB3.GPIOParameters=GPIO_Label
PE3.Locked=true
PB7.Signal=I2C1_SDA
Mcu.IP21=USART2
Dma.UART9_RX.4.Direction=DMA_PERIPH_TO_MEMORY
Mcu.IP20=USART1
FREERTOS.INCLUDE_vTaskCleanUpResources=1
PE6.GPIOParameters=GPIO_PuPd,GPIO_Label,GPIO_ModeDefaultEXTI
Dma.RequestsNb=5
PB6.GPIOParameters=GPIO_Label
PB0.Locked=true
FREERTOS.configTOTAL_HEAP_SIZE=27000
PC14-OSC32_IN.GPIOParameters=GPIO_Label
Dma.SPI3_TX.0.MemDataAlignment=DMA_MDATAALIGN_HALFWORD
ProjectManager.ProjectName=VCU-APP
Dma.USART2_RX.3.Direction=DMA_PERIPH_TO_MEMORY
PH0\ -\ OSC_IN.GPIOParameters=GPIO_Label
NVIC.DMA1_Stream7_IRQn=true\:5\:0\:false\:false\:true\:true\:false\:true
PA13.GPIOParameters=GPIO_Label
PB7.GPIO_Label=INT_AUDIO_SDA
AES.IPParameters=pKey,DataWidthUnit,DataType,Algorithm
PD13.GPIO_Label=SYS_LED
PA6.Signal=SPI1_MISO
NVIC.DMA2_Stream7_IRQn=true\:5\:0\:false\:false\:true\:true\:false\:true
FREERTOS.INCLUDE_xTaskAbortDelay=1
PB15.GPIO_PuPd=GPIO_PULLDOWN
I2S3.ClockSource-Half_Duplex_Master=I2S_CLOCK_PLLR
USART2.VirtualMode=VM_ASYNC
SH.S_TIM10_CH1.0=TIM10_CH1,PWM Generation1 CH1
PD5.GPIO_Label=EXT_BMS_WAKEUP
ProjectManager.ToolChainLocation=
PA2.GPIO_Label=INT_GPS_TX
SH.GPXTI0.0=GPIO_EXTI0
SH.GPXTI5.ConfNb=1
PA15.Signal=GPIO_Output
NVIC.SPI3_IRQn=true\:5\:0\:false\:false\:true\:true\:true\:true
UART9.IPParameters=VirtualMode
PE0.GPIO_Label=EXT_HBAR_SEIN_L
PB5.GPIO_Label=INT_REMOTE_PWR
Dma.Request2=USART1_RX
Dma.Request1=UART4_RX
Dma.Request4=UART9_RX
Dma.Request3=USART2_RX
PC4.Locked=true
PC14-OSC32_IN.GPIO_Label=SYS_OSC32_IN
PC5.Signal=GPIO_Output
PD3.GPIO_Label=INT_CAN_PWR
RCC.DFSDM2AudioFreq_Value=86000000
PE7.Signal=GPXTI7
PC0.GPIO_PuPd=GPIO_PULLDOWN
PD6.Signal=GPIO_Output
Dma.Request0=SPI3_TX
SPI1.BaudRatePrescaler=SPI_BAUDRATEPRESCALER_64
TIM10.IPParameters=Channel,OCMode_PWM,AutoReloadPreload,Prescaler,Period,Pulse
PE2.GPIO_Label=EXT_HBAR_SELECT
PC2.GPIO_Label=EXT_FINGER_MCU_PWR
Dma.UART4_RX.1.Direction=DMA_PERIPH_TO_MEMORY
Dma.USART1_RX.2.MemDataAlignment=DMA_MDATAALIGN_BYTE
PB15.Locked=true
PB4.Signal=GPIO_Output
PA3.Signal=USART2_RX
PB3.GPIO_Label=SYS_SWO
PE0.GPIO_PuPd=GPIO_PULLDOWN
VP_RTC_VS_RTC_Activate.Signal=RTC_VS_RTC_Activate
PE3.GPIO_ModeDefaultEXTI=GPIO_MODE_IT_RISING_FALLING
RCC.PLLSourceVirtual=RCC_PLLSOURCE_HSE
TIM10.Prescaler=36630-1
PC15-OSC32_OUT.Mode=LSE-External-Oscillator
SH.GPXTI5.0=GPIO_EXTI5
PE8.GPIOParameters=GPIO_PuPd,GPIO_Label,GPIO_ModeDefaultEXTI
PB8.GPIOParameters=GPIO_Label
PA7.Mode=Full_Duplex_Master
UART4.IPParameters=VirtualMode,BaudRate
PE14.GPIOParameters=GPIO_Label
PB9.GPIO_Label=INT_EEPROM_SDA
PA10.Mode=Asynchronous
PC10.GPIO_Label=INT_AUDIO_SCLK
PC9.GPIO_Label=INT_MEMS_SDA
ProjectManager.NoMain=false
SPI1.IPParameters=VirtualType,Mode,Direction,CalculateBaudRate,BaudRatePrescaler
PC4.GPIO_PuPd=GPIO_NOPULL
Dma.SPI3_TX.0.RequestParameters=Instance,Direction,PeriphInc,MemInc,PeriphDataAlignment,MemDataAlignment,Mode,Priority,FIFOMode,FIFOThreshold,MemBurst,PeriphBurst
NVIC.SavedSvcallIrqHandlerGenerated=true
PC11.Signal=GPIO_Output
RCC.FMPI2C1Freq_Value=50000000
FREERTOS.configUSE_TICKLESS_IDLE=0
RCC.VCOI2SInputFreq_Value=1000000
PC8.Signal=GPIO_Output
PC4.Signal=GPIO_Output
PC10.Mode=Half_Duplex_Master
ProjectManager.DefaultFWLocation=true
PE14.GPIO_Label=EXT_REG_5V_IRQ
PD9.Signal=GPIO_Output
PD5.Signal=GPIO_Output
ProjectManager.DeletePrevious=true
Dma.UART9_RX.4.FIFOMode=DMA_FIFOMODE_DISABLE
PE1.GPIO_ModeDefaultEXTI=GPIO_MODE_IT_RISING_FALLING
VP_RNG_VS_RNG.Mode=RNG_Activate
PC5.GPIO_PuPd=GPIO_NOPULL
AES.pKey=00000000 00000000 00000000 00000000
Dma.USART1_RX.2.PeriphInc=DMA_PINC_DISABLE
NVIC.USART2_IRQn=true\:5\:0\:false\:false\:true\:true\:true\:true
RCC.FamilyName=M
PE9.GPIOParameters=GPIO_PuPd,GPIO_Label,GPIO_ModeDefaultEXTI
PE15.GPIOParameters=GPIO_PuPd,GPIO_Label,GPIO_ModeDefaultEXTI
PD8.GPIO_Label=EXT_GPIO_OUT1
PB9.GPIOParameters=GPIO_Label
SH.GPXTI6.0=GPIO_EXTI6
PC8.GPIO_Label=EXT_HORN_PWR
PC12.GPIOParameters=GPIO_Label
PA13.Signal=SYS_JTMS-SWDIO
FREERTOS.configUSE_IDLE_HOOK=0
Dma.SPI3_TX.0.PeriphBurst=DMA_PBURST_SINGLE
FREERTOS.INCLUDE_vTaskDelete=1
PD4.GPIO_PuPd=GPIO_PULLDOWN
PA9.Mode=Asynchronous
PH0\ -\ OSC_IN.Mode=HSE-External-Oscillator
PE15.GPIO_Label=INT_REMOTE_IRQ
FREERTOS.configRECORD_STACK_HIGH_ADDRESS=1
CAN1.BS1=CAN_BS1_8TQ
ProjectManager.TargetToolchain=STM32CubeIDE
PB10.GPIO_Label=INT_EEPROM_SCL
PE7.GPIOParameters=GPIO_PuPd,GPIO_Label
NVIC.DMA1_Stream5_IRQn=true\:5\:0\:false\:false\:true\:true\:false\:true
FREERTOS.configTIMER_TASK_STACK_DEPTH=128
I2C2.Analog_Filter=I2C_ANALOGFILTER_ENABLE
PB7.GPIOParameters=GPIO_Label
VP_RNG_VS_RNG.Signal=RNG_VS_RNG
Dma.UART4_RX.1.Instance=DMA1_Stream2
Dma.USART1_RX.2.PeriphDataAlignment=DMA_PDATAALIGN_BYTE
PE0.GPIO_ModeDefaultEXTI=GPIO_MODE_IT_RISING_FALLING
PC5.GPIOParameters=PinState,GPIO_PuPd,GPIO_Label
PB9.Mode=I2C
VP_AES_VS_AES.Mode=AES_Activate
PB2.GPIOParameters=GPIO_Label
RCC.I2S1Freq_Value=86000000
PC2.Locked=true
PE2.GPIOParameters=GPIO_PuPd,GPIO_Label,GPIO_ModeDefaultEXTI
ProjectManager.RegisterCallBack=
PE0.Locked=true
RCC.USBFreq_Value=50000000
PE11.Signal=GPXTI11
PC15-OSC32_OUT.Signal=RCC_OSC32_OUT
PD3.Locked=true
PA1.Signal=UART4_RX
Dma.UART9_RX.4.RequestParameters=Instance,Direction,PeriphInc,MemInc,PeriphDataAlignment,MemDataAlignment,Mode,Priority,FIFOMode
CAN1.ABOM=ENABLE
RCC.VCOI2SOutputFreq_Value=258000000
board=custom
Dma.USART1_RX.2.FIFOMode=DMA_FIFOMODE_DISABLE
SH.GPXTI3.0=GPIO_EXTI3
RCC.VCOOutputFreq_Value=200000000
TIM10.Period=36630-1
PA15.PinState=GPIO_PIN_SET
Dma.UART4_RX.1.RequestParameters=Instance,Direction,PeriphInc,MemInc,PeriphDataAlignment,MemDataAlignment,Mode,Priority,FIFOMode
NVIC.SavedSystickIrqHandlerGenerated=true
RCC.APB2Freq_Value=100000000
MxCube.Version=6.2.1
TIM10.Pulse=36630/2
PC13.GPIOParameters=GPIO_PuPd,GPIO_Label
PD4.GPIO_Label=INT_AUDIO_RST
PC1.GPIO_Label=INT_GPS_PWR
PA10.GPIOParameters=GPIO_Label
PD4.GPIOParameters=GPIO_Speed,GPIO_PuPd,GPIO_Label
PD13.GPIO_PuPd=GPIO_PULLDOWN
PD5.GPIO_PuPd=GPIO_PULLUP
PA4.GPIOParameters=GPIO_Label
PE5.Locked=true
PD5.PinState=GPIO_PIN_SET
PC2.GPIO_PuPd=GPIO_PULLUP
PE6.Signal=GPXTI6
PB15.GPIOParameters=GPIO_PuPd,GPIO_Label
FREERTOS.INCLUDE_uxTaskPriorityGet=1
RCC.IPParameters=AHBFreq_Value,APB1CLKDivider,APB1Freq_Value,APB1TimFreq_Value,APB2Freq_Value,APB2TimFreq_Value,CortexFreq_Value,DFSDM2AudioFreq_Value,DFSDM2Freq_Value,DFSDMAudioFreq_Value,DFSDMFreq_Value,FCLKCortexFreq_Value,FMPI2C1Freq_Value,FamilyName,HCLKFreq_Value,HSE_VALUE,I2S1Freq_Value,I2S2Freq_Value,LPTimerFreq_Value,MCO2PinFreq_Value,PLLCLKFreq_Value,PLLI2SM,PLLI2SN,PLLI2SQCLKFreq_Value,PLLI2SR,PLLI2SRCLKFreq_Value,PLLM,PLLN,PLLQ,PLLQCLKFreq_Value,PLLQoutputFreq_Value,PLLRCLKFreq_Value,PLLRoutputFreq_Value,PLLSourceVirtual,PWRFreq_Value,RCC_RTC_Clock_SourceVirtual,RNGFreq_Value,RTCFreq_Value,SAI1AFreq_Value,SAI1BFreq_Value,SDIOFreq_Value,SYSCLKFreq_VALUE,SYSCLKSource,USBFreq_Value,VCOI2SInputFreq_Value,VCOI2SOutputFreq_Value,VCOInputFreq_Value,VCOOutputFreq_Value
PE11.Locked=true
ProjectManager.AskForMigrate=true
Mcu.Name=STM32F423VHTx
PE0.Signal=GPXTI0
PE7.GPIO_Label=EXT_FINGER_IRQ
PD0.Mode=CAN_Activate
FREERTOS.INCLUDE_xSemaphoreGetMutexHolder=1
AES.Algorithm=CRYP_AES_ECB
NVIC.SavedPendsvIrqHandlerGenerated=true
PA2.Signal=USART2_TX
PA13.GPIO_Label=SYS_SWDIO
PB2.Locked=true
Mcu.IP8=I2C3
VP_FREERTOS_VS_CMSIS_V2.Signal=FREERTOS_VS_CMSIS_V2
Mcu.IP9=I2S3
PD14.Signal=UART9_RX
PH1\ -\ OSC_OUT.GPIO_Label=SYS_OSC_OUT
Mcu.IP6=I2C1
Mcu.IP7=I2C2
ProjectManager.CoupleFile=true
PB3.Signal=SYS_JTDO-SWO
NVIC.EXTI0_IRQn=true\:5\:0\:false\:false\:true\:true\:true\:true
RCC.SYSCLKFreq_VALUE=100000000
PA7.GPIO_Label=INT_REMOTE_MOSI
PC5.PinState=GPIO_PIN_RESET
PC2.PinState=GPIO_PIN_SET
KeepUserPlacement=false
PC5.GPIO_Label=EXT_HMI2_PWR
PA15.GPIO_Speed=GPIO_SPEED_FREQ_VERY_HIGH
PB7.Mode=I2C
SH.GPXTI9.ConfNb=1
VP_IWDG_VS_IWDG.Signal=IWDG_VS_IWDG
NVIC.EXTI9_5_IRQn=true\:5\:0\:false\:false\:true\:true\:true\:true
PA14.Signal=SYS_JTCK-SWCLK
PB2.GPIO_Label=BOOT1
PE15.GPIO_PuPd=GPIO_PULLUP
PE15.GPIO_ModeDefaultEXTI=GPIO_MODE_IT_FALLING
Dma.USART2_RX.3.MemInc=DMA_MINC_ENABLE
FREERTOS.INCLUDE_xTaskGetHandle=1
PC6.GPIOParameters=GPIO_Label
Dma.USART2_RX.3.PeriphInc=DMA_PINC_DISABLE
Dma.UART9_RX.4.Instance=DMA2_Stream7
RCC.PLLQ=4
ADC1.NbrOfConversionFlag=1
SH.GPXTI15.0=GPIO_EXTI15
I2S3.RealAudioFreq=7.998 KHz
RCC.PLLM=4
RCC.PLLN=100
PA15.GPIO_PuPd=GPIO_PULLUP
Dma.USART2_RX.3.Priority=DMA_PRIORITY_HIGH
IWDG.Prescaler=IWDG_PRESCALER_32
Dma.USART1_RX.2.RequestParameters=Instance,Direction,PeriphInc,MemInc,PeriphDataAlignment,MemDataAlignment,Mode,Priority,FIFOMode
PA2.Mode=Asynchronous
PB8.Signal=S_TIM10_CH1
Dma.UART9_RX.4.PeriphDataAlignment=DMA_PDATAALIGN_BYTE
PE3.GPIO_Label=EXT_HBAR_SET
PC8.Locked=true
VP_AES_VS_AES.Signal=AES_VS_AES
Dma.SPI3_TX.0.MemBurst=DMA_MBURST_SINGLE
PH0\ -\ OSC_IN.GPIO_Label=SYS_OSC_IN
PC9.Signal=I2C3_SDA
PC7.Mode=Master_Clock_Activated
PD9.Locked=true
RCC.APB1Freq_Value=50000000
USART2.Mode=MODE_RX
VP_CRC_VS_CRC.Mode=CRC_Activate
RCC.PLLI2SR=3
ADC1.ClockPrescaler=ADC_CLOCK_SYNC_PCLK_DIV8
RCC.PLLI2SN=258
ProjectManager.DeviceId=STM32F423VHTx
ProjectManager.LibraryCopy=1
PC3.GPIO_PuPd=GPIO_PULLDOWN
PE1.GPIOParameters=GPIO_PuPd,GPIO_Label,GPIO_ModeDefaultEXTI
PA3.GPIO_Label=INT_GPS_RX
RCC.PLLI2SM=8
PB1.GPIOParameters=GPIO_Label
PD6.GPIO_PuPd=GPIO_PULLUP
PA7.Signal=SPI1_MOSI
PE9.GPIO_PuPd=GPIO_PULLDOWN
isbadioc=false
